
Microsoft Visual Studio Solution File, Format Version 12.00
# Visual Studio Version 17
VisualStudioVersion = 17.1.32210.238
MinimumVisualStudioVersion = 10.0.40219.1
Project("{9A19103F-16F7-4668-BE54-9A1E7A4F7556}") = "WebAPI", "WebAPI\WebAPI.csproj", "{E9B7DDFA-5701-4ADA-AC6E-3AAF38B7F695}"
EndProject
Project("{9A19103F-16F7-4668-BE54-9A1E7A4F7556}") = "BusinessLogic", "BusinessLogic\BusinessLogic.csproj", "{7A52D872-9F52-4DF2-AF7D-5A02BBC2CC09}"
EndProject
Project("{9A19103F-16F7-4668-BE54-9A1E7A4F7556}") = "Core", "Core\Core.csproj", "{B4171B0F-D1CD-4E8F-B72A-6269DCD5E9D5}"
EndProject
Project("{9A19103F-16F7-4668-BE54-9A1E7A4F7556}") = "WebAPI.Tests", "WebAPI.Tests\WebAPI.Tests.csproj", "{8F34D099-37E4-4D6D-ADEB-1F89AE417C39}"
EndProject
Project("{9A19103F-16F7-4668-BE54-9A1E7A4F7556}") = "WebAPI.IntegrationTests", "WebAPI.IntegrationTests\WebAPI.IntegrationTests.csproj", "{F517E856-C3D2-4892-9E64-47EF98E3551B}"
EndProject
Project("{9A19103F-16F7-4668-BE54-9A1E7A4F7556}") = "WebAPI.NunitIntegrationTests", "WebAPI.NunitIntegrationTests\WebAPI.NunitIntegrationTests.csproj", "{A7FC438D-AEC0-4127-92C9-D2EECAE6F36F}"
EndProject
Global
	GlobalSection(SolutionConfigurationPlatforms) = preSolution
		Debug|Any CPU = Debug|Any CPU
		Release|Any CPU = Release|Any CPU
	EndGlobalSection
	GlobalSection(ProjectConfigurationPlatforms) = postSolution
		{E9B7DDFA-5701-4ADA-AC6E-3AAF38B7F695}.Debug|Any CPU.ActiveCfg = Debug|Any CPU
		{E9B7DDFA-5701-4ADA-AC6E-3AAF38B7F695}.Debug|Any CPU.Build.0 = Debug|Any CPU
		{E9B7DDFA-5701-4ADA-AC6E-3AAF38B7F695}.Release|Any CPU.ActiveCfg = Release|Any CPU
		{E9B7DDFA-5701-4ADA-AC6E-3AAF38B7F695}.Release|Any CPU.Build.0 = Release|Any CPU
		{7A52D872-9F52-4DF2-AF7D-5A02BBC2CC09}.Debug|Any CPU.ActiveCfg = Debug|Any CPU
		{7A52D872-9F52-4DF2-AF7D-5A02BBC2CC09}.Debug|Any CPU.Build.0 = Debug|Any CPU
		{7A52D872-9F52-4DF2-AF7D-5A02BBC2CC09}.Release|Any CPU.ActiveCfg = Release|Any CPU
		{7A52D872-9F52-4DF2-AF7D-5A02BBC2CC09}.Release|Any CPU.Build.0 = Release|Any CPU
		{B4171B0F-D1CD-4E8F-B72A-6269DCD5E9D5}.Debug|Any CPU.ActiveCfg = Debug|Any CPU
		{B4171B0F-D1CD-4E8F-B72A-6269DCD5E9D5}.Debug|Any CPU.Build.0 = Debug|Any CPU
		{B4171B0F-D1CD-4E8F-B72A-6269DCD5E9D5}.Release|Any CPU.ActiveCfg = Release|Any CPU
		{B4171B0F-D1CD-4E8F-B72A-6269DCD5E9D5}.Release|Any CPU.Build.0 = Release|Any CPU
		{8F34D099-37E4-4D6D-ADEB-1F89AE417C39}.Debug|Any CPU.ActiveCfg = Debug|Any CPU
		{8F34D099-37E4-4D6D-ADEB-1F89AE417C39}.Debug|Any CPU.Build.0 = Debug|Any CPU
		{8F34D099-37E4-4D6D-ADEB-1F89AE417C39}.Release|Any CPU.ActiveCfg = Release|Any CPU
		{8F34D099-37E4-4D6D-ADEB-1F89AE417C39}.Release|Any CPU.Build.0 = Release|Any CPU
		{F517E856-C3D2-4892-9E64-47EF98E3551B}.Debug|Any CPU.ActiveCfg = Debug|Any CPU
		{F517E856-C3D2-4892-9E64-47EF98E3551B}.Debug|Any CPU.Build.0 = Debug|Any CPU
		{F517E856-C3D2-4892-9E64-47EF98E3551B}.Release|Any CPU.ActiveCfg = Release|Any CPU
		{F517E856-C3D2-4892-9E64-47EF98E3551B}.Release|Any CPU.Build.0 = Release|Any CPU
		{A7FC438D-AEC0-4127-92C9-D2EECAE6F36F}.Debug|Any CPU.ActiveCfg = Debug|Any CPU
		{A7FC438D-AEC0-4127-92C9-D2EECAE6F36F}.Debug|Any CPU.Build.0 = Debug|Any CPU
		{A7FC438D-AEC0-4127-92C9-D2EECAE6F36F}.Release|Any CPU.ActiveCfg = Release|Any CPU
		{A7FC438D-AEC0-4127-92C9-D2EECAE6F36F}.Release|Any CPU.Build.0 = Release|Any CPU
	EndGlobalSection
	GlobalSection(SolutionProperties) = preSolution
		HideSolutionNode = FALSE
	EndGlobalSection
	GlobalSection(ExtensibilityGlobals) = postSolution
		SolutionGuid = {0F140C6C-23A8-4980-BB7C-49CB5F0FC6BF}
	EndGlobalSection
EndGlobal
